PODS:
  - Kingfisher (5.12.0):
    - Kingfisher/Core (= 5.12.0)
  - Kingfisher/Core (5.12.0)
  - Lantern (1.1.4)
  - SDWebImage (5.4.0):
    - SDWebImage/Core (= 5.4.0)
  - SDWebImage/Core (5.4.0)

DEPENDENCIES:
  - Kingfisher
  - Lantern (from `../`)
  - SDWebImage

SPEC REPOS:
  trunk:
    - Kingfisher
    - SDWebImage

EXTERNAL SOURCES:
  Lantern:
    :path: "../"

SPEC CHECKSUMS:
  Kingfisher: dc6e0f53bb5b12c3e75bedb0e01bbd7a640eea69
  Lantern: 26ed71b2d9ace5073ecf53521e316ed8b95acdb0
  SDWebImage: 5bf6aec6481ae2a062bdc59f9d6c1d1e552090e0

PODFILE CHECKSUM: 6fe8253ce68714a4f2c5826cbcd0b97e3ded2637

COCOAPODS: 1.12.1
